[[package]]
name = "flake8"
version = "5.0.4"
description = "the modular source code checker: pep8 pyflakes and co"
category = "dev"
optional = false
python-versions = ">=3.6.1"

[package.dependencies]
mccabe = ">=0.7.0,<0.8.0"
pycodestyle = ">=2.9.0,<2.10.0"
pyflakes = ">=2.5.0,<2.6.0"

[[package]]
name = "mccabe"
version = "0.7.0"
description = "McCabe checker, plugin for flake8"
category = "dev"
optional = false
python-versions = ">=3.6"

[[package]]
name = "prompt"
version = "0.4.1"
description = "Library for prompting input on the command line."
category = "main"
optional = false
python-versions = ">=3.3"

[[package]]
name = "pycodestyle"
version = "2.9.1"
description = "Python style guide checker"
category = "dev"
optional = false
python-versions = ">=3.6"

[[package]]
name = "pyflakes"
version = "2.5.0"
description = "passive checker of Python programs"
category = "dev"
optional = false
python-versions = ">=3.6"

[metadata]
lock-version = "1.1"
python-versions = "^3.8"
content-hash = "13e0bed119584e83812065613f3c1c15f4efc8630e0c5a448b8a3bf3be1ad6dc"

[metadata.files]
flake8 = []
mccabe = []
prompt = [
    {file = "prompt-0.4.1-py3-none-any.whl", hash = "sha256:98527de8dc3f0aa29669a39fbffeaf578ba6654dc836f737b6a5c6f9279002b7"},
    {file = "prompt-0.4.1.tar.gz", hash = "sha256:8a7694b88f8c65188a983315e72582bf42fcc251b97042be1d2a2ad1aa0ebe0e"},
]
pycodestyle = []
pyflakes = []
